[[package]]
category = "main"
description = "Panda3D is a framework for 3D rendering and game development for Python and C++ programs."
name = "panda3d"
optional = false
python-versions = "*"
version = "1.10.7"

[metadata]
content-hash = "db284435c09765c185022e1219b97e613704a835484659cd2e097a0f5a33f75a"
lock-version = "1.0"
python-versions = "^3.8"

[metadata.files]
panda3d = [
    {file = "panda3d-1.10.7-cp27-cp27m-macosx_10_6_i386.whl", hash = "sha256:13077ae938ea6a7e8a91230bb2156eed9f9ea45f8c0de8bc99b9076dd891c507"},
    {file = "panda3d-1.10.7-cp27-cp27m-macosx_10_6_x86_64.whl", hash = "sha256:621d041a3b376d94cb1a959f2a65a949853602557f6b677646bbf57ebb4f14bb"},
    {file = "panda3d-1.10.7-cp27-cp27m-win32.whl", hash = "sha256:51073dda50c2f77787ee8bc127710b264565986536b763ed93e084c9595a2359"},
    {file = "panda3d-1.10.7-cp27-cp27m-win_amd64.whl", hash = "sha256:cdaf9c86f89fbf453855ea17b22bcf60a709a2070c236f63f1a094be2e420cbc"},
    {file = "panda3d-1.10.7-cp27-cp27mu-manylinux1_i686.whl", hash = "sha256:ecc7d65e27b2f6e59e0f49c6f10a7ee20ce37a6d63f49fec0427e90a7399df46"},
    {file = "panda3d-1.10.7-cp27-cp27mu-manylinux1_x86_64.whl", hash = "sha256:45487a1e6ada887bb5a11fc2f7ddbeb84c298d810fd93bfa33697696c7197d23"},
    {file = "panda3d-1.10.7-cp34-cp34m-macosx_10_6_i386.whl", hash = "sha256:c491bc305b4723d3906fbd3028243caf44be212e6aae239d022b1f15d52b5a06"},
    {file = "panda3d-1.10.7-cp34-cp34m-macosx_10_6_x86_64.whl", hash = "sha256:eacd628f56f442bc9649eb5601c1e53913265de4a53fcc726087f0080105a325"},
    {file = "panda3d-1.10.7-cp34-cp34m-manylinux1_i686.whl", hash = "sha256:95f0eaf8421fe754fdde6e5dd3fa6db20be9d7998b4499e266559add0644dd8c"},
    {file = "panda3d-1.10.7-cp34-cp34m-manylinux1_x86_64.whl", hash = "sha256:52fc8ae1ba50e342dc8b2d75c8fc1bf990bcbcabdd72ccc03cf7d955b6b86f2e"},
    {file = "panda3d-1.10.7-cp34-cp34m-win32.whl", hash = "sha256:db5f27a07ebaa0facaae5c6c3b0bd3ef748e54b24a61774142d404d410151bad"},
    {file = "panda3d-1.10.7-cp34-cp34m-win_amd64.whl", hash = "sha256:6c5b98b4af84cba7d3906bcb51fd086f91ba4fe68753552b0980b6cec5894a7b"},
    {file = "panda3d-1.10.7-cp35-cp35m-macosx_10_6_i386.whl", hash = "sha256:a8ffa60b80fdd8d625d9f0be691825bb47fe16868694e50023feab52e2e71a02"},
    {file = "panda3d-1.10.7-cp35-cp35m-macosx_10_6_x86_64.whl", hash = "sha256:c389dfaab0bd33c397b6cde02ab51491bca765bb69a30af3e48decb42b45d952"},
    {file = "panda3d-1.10.7-cp35-cp35m-manylinux1_i686.whl", hash = "sha256:bb32efc9a85aeec8e551af800a2a0f421421bcdcdfaad1792344abe487f2bd90"},
    {file = "panda3d-1.10.7-cp35-cp35m-manylinux1_x86_64.whl", hash = "sha256:4d9f222f20c41d08418e32a50658b2d6b12b9d51fd6ad45e05edae32e5e382b8"},
    {file = "panda3d-1.10.7-cp35-cp35m-win32.whl", hash = "sha256:655a614bb9f1dae2f0b96f285738f7b513cacb143c666a1a6546bb550d17824a"},
    {file = "panda3d-1.10.7-cp35-cp35m-win_amd64.whl", hash = "sha256:fa95b5c5a70bacebd747bb8e14ce4be246a8f875c9fefa0499fadc80cb6f75f7"},
    {file = "panda3d-1.10.7-cp36-cp36m-macosx_10_6_i386.whl", hash = "sha256:971c6d8e2b835fa24e18a47216951dd51e1382b6ec29483f2d60a300880e6e9d"},
    {file = "panda3d-1.10.7-cp36-cp36m-macosx_10_6_x86_64.whl", hash = "sha256:d62a15de6cdfdf412f2d6b4faabe52025ca3b51536714780ec76cb4292478c23"},
    {file = "panda3d-1.10.7-cp36-cp36m-macosx_10_9_x86_64.whl", hash = "sha256:2d6674acb233d227c9f5022fd6875ff26bac1ca693c3c4fcd9ddb339dc6847fd"},
    {file = "panda3d-1.10.7-cp36-cp36m-manylinux1_i686.whl", hash = "sha256:b729bd9c5d8c80a8cec4ef0ef4455be3ffa9a517ec6bb869df10dd109baf3c27"},
    {file = "panda3d-1.10.7-cp36-cp36m-manylinux1_x86_64.whl", hash = "sha256:743438d33dff440028a2877f0c7720a8661c151e455c3492f615f4651b0c644d"},
    {file = "panda3d-1.10.7-cp36-cp36m-win32.whl", hash = "sha256:2ede420938928d5e3b29839b436a4f7eb18361363842b33e49c2ecbfbb3a4410"},
    {file = "panda3d-1.10.7-cp36-cp36m-win_amd64.whl", hash = "sha256:95ae5630f31a5ca16673ca7d98475b3b25470e533ccf2fc6d5754cb85533a08b"},
    {file = "panda3d-1.10.7-cp37-cp37m-macosx_10_6_i386.whl", hash = "sha256:0d7d2d557577d7eb499e2a55c55782c32da698c12921bd46a13e492fdec95c1c"},
    {file = "panda3d-1.10.7-cp37-cp37m-macosx_10_6_x86_64.whl", hash = "sha256:428812cdd49b7ad0bce256cfec25f0dfe52ce224a21da0d04cded8986c632b73"},
    {file = "panda3d-1.10.7-cp37-cp37m-macosx_10_9_x86_64.whl", hash = "sha256:75e70fe2077db5cfde5cbe02fa8bfcf8f3edc9b4e329f52860bbd11ca3073cbe"},
    {file = "panda3d-1.10.7-cp37-cp37m-manylinux1_i686.whl", hash = "sha256:1df4dac10716e449c207832cc1b5d42a9b62e32ea689f737ff05c8bf817fe197"},
    {file = "panda3d-1.10.7-cp37-cp37m-manylinux1_x86_64.whl", hash = "sha256:3b3a3a2b7ed2ef7eded20e7e2fbab758cd164c9b77e2217d2bcf3185061a217a"},
    {file = "panda3d-1.10.7-cp37-cp37m-win32.whl", hash = "sha256:b82dc94f60e9ade52e8d98e8ac2489a17ac5f47d8b425dbf40fdeb77d92062e2"},
    {file = "panda3d-1.10.7-cp37-cp37m-win_amd64.whl", hash = "sha256:dec6176218ac42958e26758d73ca4fff9cc62e752aa178f48d12aaf43bfe236d"},
    {file = "panda3d-1.10.7-cp38-cp38-macosx_10_9_x86_64.whl", hash = "sha256:b55c15d00fa3d523cd6a5929473f8905767324f1852590f1f664b099481a1e4a"},
    {file = "panda3d-1.10.7-cp38-cp38-manylinux1_i686.whl", hash = "sha256:d5ce298cebae193ac4c6a9fa50dd76626c017d8ee877f56648f2c293899ef6e5"},
    {file = "panda3d-1.10.7-cp38-cp38-manylinux1_x86_64.whl", hash = "sha256:24ed6297e60d607a286ab22673be38e0649eab85339ec53793b492c734475526"},
    {file = "panda3d-1.10.7-cp38-cp38-win32.whl", hash = "sha256:856cbc0063cab18007d005a5ab4a670a7aaa9af5f3ef3b492860534b6ec5d294"},
    {file = "panda3d-1.10.7-cp38-cp38-win_amd64.whl", hash = "sha256:16dcf3c15d533db3b0f2cf0aa339135b6181bc89abd0ecc5688aa0cd24978e6e"},
]
